
Microsoft Visual Studio Solution File, Format Version 12.00
Project("{F2A71F9B-5D33-465A-A702-920D77279786}") = "AoC-Mike", "AoC-Mike.fsproj", "{554EA714-5812-4DB1-A87F-E6E08E934B16}"
EndProject
Project("{F2A71F9B-5D33-465A-A702-920D77279786}") = "TestProject", "TestProject\TestProject.fsproj", "{CF002A34-0473-4C04-B7EE-68650565FC6A}"
EndProject
Global
	GlobalSection(SolutionConfigurationPlatforms) = preSolution
		Debug|Any CPU = Debug|Any CPU
		Release|Any CPU = Release|Any CPU
	EndGlobalSection
	GlobalSection(ProjectConfigurationPlatforms) = postSolution
		{554EA714-5812-4DB1-A87F-E6E08E934B16}.Debug|Any CPU.ActiveCfg = Debug|Any CPU
		{554EA714-5812-4DB1-A87F-E6E08E934B16}.Debug|Any CPU.Build.0 = Debug|Any CPU
		{554EA714-5812-4DB1-A87F-E6E08E934B16}.Release|Any CPU.ActiveCfg = Release|Any CPU
		{554EA714-5812-4DB1-A87F-E6E08E934B16}.Release|Any CPU.Build.0 = Release|Any CPU
		{CF002A34-0473-4C04-B7EE-68650565FC6A}.Debug|Any CPU.ActiveCfg = Debug|Any CPU
		{CF002A34-0473-4C04-B7EE-68650565FC6A}.Debug|Any CPU.Build.0 = Debug|Any CPU
		{CF002A34-0473-4C04-B7EE-68650565FC6A}.Release|Any CPU.ActiveCfg = Release|Any CPU
		{CF002A34-0473-4C04-B7EE-68650565FC6A}.Release|Any CPU.Build.0 = Release|Any CPU
	EndGlobalSection
EndGlobal
