
Microsoft Visual Studio Solution File, Format Version 12.00
# 
Project("{F2A71F9B-5D33-465A-A702-920D77279786}") = "AoC-2020", "AoC-2020\AoC-2020.fsproj", "{554EA714-5812-4DB1-A87F-E6E08E934B16}"
EndProject
Project("{F2A71F9B-5D33-465A-A702-920D77279786}") = "Tests-2020", "Tests-2020\Tests-2020.fsproj", "{CF002A34-0473-4C04-B7EE-68650565FC6A}"
EndProject
Project("{F2A71F9B-5D33-465A-A702-920D77279786}") = "AoC-2021", "AoC-2021\AoC-2021.fsproj", "{9EDE7E28-AB66-423B-94A2-440DFD436DDA}"
EndProject
Project("{F2A71F9B-5D33-465A-A702-920D77279786}") = "Tests-2021", "Tests-2021\Tests-2021.fsproj", "{58CAE021-25F9-477D-B10F-8C584FF863C0}"
EndProject
Project("{F2A71F9B-5D33-465A-A702-920D77279786}") = "AoC-2022", "AoC-2022\AoC-2022.fsproj", "{B5C7D8BE-57AC-4EC2-91F5-6C63881A2686}"
EndProject
Project("{F2A71F9B-5D33-465A-A702-920D77279786}") = "Tests-2022", "Tests-2022\Tests-2022.fsproj", "{4641FE2E-B9F3-4BE5-9411-7C2056BBAE1F}"
EndProject
Project("{F2A71F9B-5D33-465A-A702-920D77279786}") = "AoC-2023", "AoC-2023\AoC-2023.fsproj", "{7A6475C9-62D7-4B5A-90E5-0D59903FD093}"
EndProject
Project("{F2A71F9B-5D33-465A-A702-920D77279786}") = "Tests-2023", "Tests-2023\Tests-2023.fsproj", "{B7FEFBA5-9A46-48D1-ADF3-10E950EE78B9}"
EndProject
Global
	GlobalSection(SolutionConfigurationPlatforms) = preSolution
		Debug|Any CPU = Debug|Any CPU
		Release|Any CPU = Release|Any CPU
	EndGlobalSection
	GlobalSection(ProjectConfigurationPlatforms) = postSolution
		{554EA714-5812-4DB1-A87F-E6E08E934B16}.Debug|Any CPU.ActiveCfg = Debug|Any CPU
		{554EA714-5812-4DB1-A87F-E6E08E934B16}.Debug|Any CPU.Build.0 = Debug|Any CPU
		{554EA714-5812-4DB1-A87F-E6E08E934B16}.Release|Any CPU.ActiveCfg = Release|Any CPU
		{554EA714-5812-4DB1-A87F-E6E08E934B16}.Release|Any CPU.Build.0 = Release|Any CPU
		{CF002A34-0473-4C04-B7EE-68650565FC6A}.Debug|Any CPU.ActiveCfg = Debug|Any CPU
		{CF002A34-0473-4C04-B7EE-68650565FC6A}.Debug|Any CPU.Build.0 = Debug|Any CPU
		{CF002A34-0473-4C04-B7EE-68650565FC6A}.Release|Any CPU.ActiveCfg = Release|Any CPU
		{CF002A34-0473-4C04-B7EE-68650565FC6A}.Release|Any CPU.Build.0 = Release|Any CPU
		{9EDE7E28-AB66-423B-94A2-440DFD436DDA}.Debug|Any CPU.ActiveCfg = Debug|Any CPU
		{9EDE7E28-AB66-423B-94A2-440DFD436DDA}.Debug|Any CPU.Build.0 = Debug|Any CPU
		{9EDE7E28-AB66-423B-94A2-440DFD436DDA}.Release|Any CPU.ActiveCfg = Release|Any CPU
		{9EDE7E28-AB66-423B-94A2-440DFD436DDA}.Release|Any CPU.Build.0 = Release|Any CPU
		{58CAE021-25F9-477D-B10F-8C584FF863C0}.Debug|Any CPU.ActiveCfg = Debug|Any CPU
		{58CAE021-25F9-477D-B10F-8C584FF863C0}.Debug|Any CPU.Build.0 = Debug|Any CPU
		{58CAE021-25F9-477D-B10F-8C584FF863C0}.Release|Any CPU.ActiveCfg = Release|Any CPU
		{58CAE021-25F9-477D-B10F-8C584FF863C0}.Release|Any CPU.Build.0 = Release|Any CPU
		{B5C7D8BE-57AC-4EC2-91F5-6C63881A2686}.Debug|Any CPU.ActiveCfg = Debug|Any CPU
		{B5C7D8BE-57AC-4EC2-91F5-6C63881A2686}.Debug|Any CPU.Build.0 = Debug|Any CPU
		{B5C7D8BE-57AC-4EC2-91F5-6C63881A2686}.Release|Any CPU.ActiveCfg = Release|Any CPU
		{B5C7D8BE-57AC-4EC2-91F5-6C63881A2686}.Release|Any CPU.Build.0 = Release|Any CPU
		{4641FE2E-B9F3-4BE5-9411-7C2056BBAE1F}.Debug|Any CPU.ActiveCfg = Debug|Any CPU
		{4641FE2E-B9F3-4BE5-9411-7C2056BBAE1F}.Debug|Any CPU.Build.0 = Debug|Any CPU
		{4641FE2E-B9F3-4BE5-9411-7C2056BBAE1F}.Release|Any CPU.ActiveCfg = Release|Any CPU
		{4641FE2E-B9F3-4BE5-9411-7C2056BBAE1F}.Release|Any CPU.Build.0 = Release|Any CPU
		{7A6475C9-62D7-4B5A-90E5-0D59903FD093}.Debug|Any CPU.ActiveCfg = Debug|Any CPU
		{7A6475C9-62D7-4B5A-90E5-0D59903FD093}.Debug|Any CPU.Build.0 = Debug|Any CPU
		{7A6475C9-62D7-4B5A-90E5-0D59903FD093}.Release|Any CPU.ActiveCfg = Release|Any CPU
		{7A6475C9-62D7-4B5A-90E5-0D59903FD093}.Release|Any CPU.Build.0 = Release|Any CPU
		{B7FEFBA5-9A46-48D1-ADF3-10E950EE78B9}.Debug|Any CPU.ActiveCfg = Debug|Any CPU
		{B7FEFBA5-9A46-48D1-ADF3-10E950EE78B9}.Debug|Any CPU.Build.0 = Debug|Any CPU
		{B7FEFBA5-9A46-48D1-ADF3-10E950EE78B9}.Release|Any CPU.ActiveCfg = Release|Any CPU
		{B7FEFBA5-9A46-48D1-ADF3-10E950EE78B9}.Release|Any CPU.Build.0 = Release|Any CPU
	EndGlobalSection
EndGlobal
